
Microsoft Visual Studio Solution File, Format Version 12.00
# Visual Studio Version 17
VisualStudioVersion = 17.0.32112.339
MinimumVisualStudioVersion = 10.0.40219.1
Project("{FAE04EC0-301F-11D3-BF4B-00C04F79EFBC}") = "WebApiAuto", "WebApiAuto.csproj", "{0873E402-7E55-4E63-BAC7-6A2E445A4892}"
EndProject
Global
	GlobalSection(SolutionConfigurationPlatforms) = preSolution
		Debug|Any CPU = Debug|Any CPU
		Release|Any CPU = Release|Any CPU
	EndGlobalSection
	GlobalSection(ProjectConfigurationPlatforms) = postSolution
		{0873E402-7E55-4E63-BAC7-6A2E445A4892}.Debug|Any CPU.ActiveCfg = Debug|Any CPU
		{0873E402-7E55-4E63-BAC7-6A2E445A4892}.Debug|Any CPU.Build.0 = Debug|Any CPU
		{0873E402-7E55-4E63-BAC7-6A2E445A4892}.Release|Any CPU.ActiveCfg = Release|Any CPU
		{0873E402-7E55-4E63-BAC7-6A2E445A4892}.Release|Any CPU.Build.0 = Release|Any CPU
	EndGlobalSection
	GlobalSection(SolutionProperties) = preSolution
		HideSolutionNode = FALSE
	EndGlobalSection
	GlobalSection(ExtensibilityGlobals) = postSolution
		SolutionGuid = {735DFDC7-673B-4B7A-B772-6D5A50031290}
	EndGlobalSection
EndGlobal
